
Microsoft Visual Studio Solution File, Format Version 12.00
# Visual Studio 15
VisualStudioVersion = 15.0.26124.0
MinimumVisualStudioVersion = 15.0.26124.0
Project("{FAE04EC0-301F-11D3-BF4B-00C04F79EFBC}") = "ProAgil.API", "ProAgil.API\ProAgil.API.csproj", "{DA4661C0-526B-403A-B9DE-7F959C393235}"
EndProject
Project("{FAE04EC0-301F-11D3-BF4B-00C04F79EFBC}") = "ProAgil.Repository", "ProAgil.Repository\ProAgil.Repository.csproj", "{4A8542B8-4B5C-4E43-9451-F9D08FC64BF7}"
EndProject
Project("{FAE04EC0-301F-11D3-BF4B-00C04F79EFBC}") = "ProAgil.Domain", "ProAgil.Domain\ProAgil.Domain.csproj", "{3C1E2991-D165-41A0-9F3E-5946FD84A224}"
EndProject
Global
	GlobalSection(SolutionConfigurationPlatforms) = preSolution
		Debug|Any CPU = Debug|Any CPU
		Debug|x64 = Debug|x64
		Debug|x86 = Debug|x86
		Release|Any CPU = Release|Any CPU
		Release|x64 = Release|x64
		Release|x86 = Release|x86
	EndGlobalSection
	GlobalSection(SolutionProperties) = preSolution
		HideSolutionNode = FALSE
	EndGlobalSection
	GlobalSection(ProjectConfigurationPlatforms) = postSolution
		{DA4661C0-526B-403A-B9DE-7F959C393235}.Debug|Any CPU.ActiveCfg = Debug|Any CPU
		{DA4661C0-526B-403A-B9DE-7F959C393235}.Debug|Any CPU.Build.0 = Debug|Any CPU
		{DA4661C0-526B-403A-B9DE-7F959C393235}.Debug|x64.ActiveCfg = Debug|Any CPU
		{DA4661C0-526B-403A-B9DE-7F959C393235}.Debug|x64.Build.0 = Debug|Any CPU
		{DA4661C0-526B-403A-B9DE-7F959C393235}.Debug|x86.ActiveCfg = Debug|Any CPU
		{DA4661C0-526B-403A-B9DE-7F959C393235}.Debug|x86.Build.0 = Debug|Any CPU
		{DA4661C0-526B-403A-B9DE-7F959C393235}.Release|Any CPU.ActiveCfg = Release|Any CPU
		{DA4661C0-526B-403A-B9DE-7F959C393235}.Release|Any CPU.Build.0 = Release|Any CPU
		{DA4661C0-526B-403A-B9DE-7F959C393235}.Release|x64.ActiveCfg = Release|Any CPU
		{DA4661C0-526B-403A-B9DE-7F959C393235}.Release|x64.Build.0 = Release|Any CPU
		{DA4661C0-526B-403A-B9DE-7F959C393235}.Release|x86.ActiveCfg = Release|Any CPU
		{DA4661C0-526B-403A-B9DE-7F959C393235}.Release|x86.Build.0 = Release|Any CPU
		{4A8542B8-4B5C-4E43-9451-F9D08FC64BF7}.Debug|Any CPU.ActiveCfg = Debug|Any CPU
		{4A8542B8-4B5C-4E43-9451-F9D08FC64BF7}.Debug|Any CPU.Build.0 = Debug|Any CPU
		{4A8542B8-4B5C-4E43-9451-F9D08FC64BF7}.Debug|x64.ActiveCfg = Debug|Any CPU
		{4A8542B8-4B5C-4E43-9451-F9D08FC64BF7}.Debug|x64.Build.0 = Debug|Any CPU
		{4A8542B8-4B5C-4E43-9451-F9D08FC64BF7}.Debug|x86.ActiveCfg = Debug|Any CPU
		{4A8542B8-4B5C-4E43-9451-F9D08FC64BF7}.Debug|x86.Build.0 = Debug|Any CPU
		{4A8542B8-4B5C-4E43-9451-F9D08FC64BF7}.Release|Any CPU.ActiveCfg = Release|Any CPU
		{4A8542B8-4B5C-4E43-9451-F9D08FC64BF7}.Release|Any CPU.Build.0 = Release|Any CPU
		{4A8542B8-4B5C-4E43-9451-F9D08FC64BF7}.Release|x64.ActiveCfg = Release|Any CPU
		{4A8542B8-4B5C-4E43-9451-F9D08FC64BF7}.Release|x64.Build.0 = Release|Any CPU
		{4A8542B8-4B5C-4E43-9451-F9D08FC64BF7}.Release|x86.ActiveCfg = Release|Any CPU
		{4A8542B8-4B5C-4E43-9451-F9D08FC64BF7}.Release|x86.Build.0 = Release|Any CPU
		{3C1E2991-D165-41A0-9F3E-5946FD84A224}.Debug|Any CPU.ActiveCfg = Debug|Any CPU
		{3C1E2991-D165-41A0-9F3E-5946FD84A224}.Debug|Any CPU.Build.0 = Debug|Any CPU
		{3C1E2991-D165-41A0-9F3E-5946FD84A224}.Debug|x64.ActiveCfg = Debug|Any CPU
		{3C1E2991-D165-41A0-9F3E-5946FD84A224}.Debug|x64.Build.0 = Debug|Any CPU
		{3C1E2991-D165-41A0-9F3E-5946FD84A224}.Debug|x86.ActiveCfg = Debug|Any CPU
		{3C1E2991-D165-41A0-9F3E-5946FD84A224}.Debug|x86.Build.0 = Debug|Any CPU
		{3C1E2991-D165-41A0-9F3E-5946FD84A224}.Release|Any CPU.ActiveCfg = Release|Any CPU
		{3C1E2991-D165-41A0-9F3E-5946FD84A224}.Release|Any CPU.Build.0 = Release|Any CPU
		{3C1E2991-D165-41A0-9F3E-5946FD84A224}.Release|x64.ActiveCfg = Release|Any CPU
		{3C1E2991-D165-41A0-9F3E-5946FD84A224}.Release|x64.Build.0 = Release|Any CPU
		{3C1E2991-D165-41A0-9F3E-5946FD84A224}.Release|x86.ActiveCfg = Release|Any CPU
		{3C1E2991-D165-41A0-9F3E-5946FD84A224}.Release|x86.Build.0 = Release|Any CPU
	EndGlobalSection
EndGlobal
